// !$*UTF8*$!
{
	archiveVersion = 1;
	classes = {
	};
	objectVersion = 48;
	objects = {

/* Begin PBXBuildFile section */
		7D69405A1FC5EF7C00232B84 /* AppDelegate.swift in Sources */ = {isa = PBXBuildFile; fileRef = 7D6940591FC5EF7C00232B84 /* AppDelegate.swift */; };
		7D69405C1FC5EF7C00232B84 /* ViewController.swift in Sources */ = {isa = PBXBuildFile; fileRef = 7D69405B1FC5EF7C00232B84 /* ViewController.swift */; };
		7D69405F1FC5EF7C00232B84 /* Main.storyboard in Resources */ = {isa = PBXBuildFile; fileRef = 7D69405D1FC5EF7C00232B84 /* Main.storyboard */; };
		7D6940621FC5EF7C00232B84 /* RZ2_Project.xcdatamodeld in Sources */ = {isa = PBXBuildFile; fileRef = 7D6940601FC5EF7C00232B84 /* RZ2_Project.xcdatamodeld */; };
		7D6940641FC5EF7C00232B84 /* Assets.xcassets in Resources */ = {isa = PBXBuildFile; fileRef = 7D6940631FC5EF7C00232B84 /* Assets.xcassets */; };
		7D6940671FC5EF7C00232B84 /* LaunchScreen.storyboard in Resources */ = {isa = PBXBuildFile; fileRef = 7D6940651FC5EF7C00232B84 /* LaunchScreen.storyboard */; };
		7D6940731FC5F13400232B84 /* LoginRequest.swift in Sources */ = {isa = PBXBuildFile; fileRef = 7D6940721FC5F13400232B84 /* LoginRequest.swift */; };
		7D6940741FC5F1E600232B84 /* NetworkController.swift in Sources */ = {isa = PBXBuildFile; fileRef = 7D6940711FC5EFB900232B84 /* NetworkController.swift */; };
		7D6940751FC5F1E600232B84 /* NetworkRequest.swift in Sources */ = {isa = PBXBuildFile; fileRef = 7D6940701FC5EFB900232B84 /* NetworkRequest.swift */; };
		7D6940791FC5F32C00232B84 /* KeychainItemAccessibility.swift in Sources */ = {isa = PBXBuildFile; fileRef = 7D6940771FC5F32700232B84 /* KeychainItemAccessibility.swift */; };
		7D69407A1FC5F33000232B84 /* KeychainWrapper.swift in Sources */ = {isa = PBXBuildFile; fileRef = 7D6940781FC5F32700232B84 /* KeychainWrapper.swift */; };
		7D69407C1FC5F75C00232B84 /* RetrieveUnitsRequest.swift in Sources */ = {isa = PBXBuildFile; fileRef = 7D69407B1FC5F75C00232B84 /* RetrieveUnitsRequest.swift */; };
		7DEF755D1FC62F8400E8298D /* CustomTextField.swift in Sources */ = {isa = PBXBuildFile; fileRef = 7DEF755C1FC62F8400E8298D /* CustomTextField.swift */; };
/* End PBXBuildFile section */

/* Begin PBXFileReference section */
		7D6940561FC5EF7C00232B84 /* RZ2 Project.app */ = {isa = PBXFileReference; explicitFileType = wrapper.application; includeInIndex = 0; path = "RZ2 Project.app"; sourceTree = BUILT_PRODUCTS_DIR; };
		7D6940591FC5EF7C00232B84 /* AppDelegate.swift */ = {isa = PBXFileReference; lastKnownFileType = sourcecode.swift; path = AppDelegate.swift; sourceTree = "<group>"; };
		7D69405B1FC5EF7C00232B84 /* ViewController.swift */ = {isa = PBXFileReference; lastKnownFileType = sourcecode.swift; path = ViewController.swift; sourceTree = "<group>"; };
		7D69405E1FC5EF7C00232B84 /* Base */ = {isa = PBXFileReference; lastKnownFileType = file.storyboard; name = Base; path = Base.lproj/Main.storyboard; sourceTree = "<group>"; };
		7D6940611FC5EF7C00232B84 /* RZ2_Project.xcdatamodel */ = {isa = PBXFileReference; lastKnownFileType = wrapper.xcdatamodel; path = RZ2_Project.xcdatamodel; sourceTree = "<group>"; };
		7D6940631FC5EF7C00232B84 /* Assets.xcassets */ = {isa = PBXFileReference; lastKnownFileType = folder.assetcatalog; path = Assets.xcassets; sourceTree = "<group>"; };
		7D6940661FC5EF7C00232B84 /* Base */ = {isa = PBXFileReference; lastKnownFileType = file.storyboard; name = Base; path = Base.lproj/LaunchScreen.storyboard; sourceTree = "<group>"; };
		7D6940681FC5EF7C00232B84 /* Info.plist */ = {isa = PBXFileReference; lastKnownFileType = text.plist.xml; path = Info.plist; sourceTree = "<group>"; };
		7D6940701FC5EFB900232B84 /* NetworkRequest.swift */ = {isa = PBXFileReference; lastKnownFileType = sourcecode.swift; path = NetworkRequest.swift; sourceTree = "<group>"; };
		7D6940711FC5EFB900232B84 /* NetworkController.swift */ = {isa = PBXFileReference; lastKnownFileType = sourcecode.swift; path = NetworkController.swift; sourceTree = "<group>"; };
		7D6940721FC5F13400232B84 /* LoginRequest.swift */ = {isa = PBXFileReference; lastKnownFileType = sourcecode.swift; path = LoginRequest.swift; sourceTree = "<group>"; };
		7D6940771FC5F32700232B84 /* KeychainItemAccessibility.swift */ = {isa = PBXFileReference; lastKnownFileType = sourcecode.swift; path = KeychainItemAccessibility.swift; sourceTree = "<group>"; };
		7D6940781FC5F32700232B84 /* KeychainWrapper.swift */ = {isa = PBXFileReference; lastKnownFileType = sourcecode.swift; path = KeychainWrapper.swift; sourceTree = "<group>"; };
		7D69407B1FC5F75C00232B84 /* RetrieveUnitsRequest.swift */ = {isa = PBXFileReference; lastKnownFileType = sourcecode.swift; path = RetrieveUnitsRequest.swift; sourceTree = "<group>"; };
		7DEF755C1FC62F8400E8298D /* CustomTextField.swift */ = {isa = PBXFileReference; lastKnownFileType = sourcecode.swift; path = CustomTextField.swift; sourceTree = "<group>"; };
/* End PBXFileReference section */

/* Begin PBXFrameworksBuildPhase section */
		7D6940531FC5EF7C00232B84 /* Frameworks */ = {
			isa = PBXFrameworksBuildPhase;
			buildActionMask = 2147483647;
			files = (
			);
			runOnlyForDeploymentPostprocessing = 0;
		};
/* End PBXFrameworksBuildPhase section */

/* Begin PBXGroup section */
		7D69404D1FC5EF7C00232B84 = {
			isa = PBXGroup;
			children = (
				7D6940581FC5EF7C00232B84 /* RZ2 Project */,
				7D6940571FC5EF7C00232B84 /* Products */,
			);
			sourceTree = "<group>";
		};
		7D6940571FC5EF7C00232B84 /* Products */ = {
			isa = PBXGroup;
			children = (
				7D6940561FC5EF7C00232B84 /* RZ2 Project.app */,
			);
			name = Products;
			sourceTree = "<group>";
		};
		7D6940581FC5EF7C00232B84 /* RZ2 Project */ = {
			isa = PBXGroup;
			children = (
				7D6940761FC5F27A00232B84 /* UTILS */,
				7D6940591FC5EF7C00232B84 /* AppDelegate.swift */,
				7D69405B1FC5EF7C00232B84 /* ViewController.swift */,
				7D69406F1FC5EFA000232B84 /* Network */,
				7D69405D1FC5EF7C00232B84 /* Main.storyboard */,
				7D6940631FC5EF7C00232B84 /* Assets.xcassets */,
				7D6940651FC5EF7C00232B84 /* LaunchScreen.storyboard */,
				7D6940681FC5EF7C00232B84 /* Info.plist */,
				7D6940601FC5EF7C00232B84 /* RZ2_Project.xcdatamodeld */,
			);
			path = "RZ2 Project";
			sourceTree = "<group>";
		};
		7D69406F1FC5EFA000232B84 /* Network */ = {
			isa = PBXGroup;
			children = (
				7D6940711FC5EFB900232B84 /* NetworkController.swift */,
				7D6940701FC5EFB900232B84 /* NetworkRequest.swift */,
				7D6940721FC5F13400232B84 /* LoginRequest.swift */,
				7D69407B1FC5F75C00232B84 /* RetrieveUnitsRequest.swift */,
			);
			path = Network;
			sourceTree = "<group>";
		};
		7D6940761FC5F27A00232B84 /* UTILS */ = {
			isa = PBXGroup;
			children = (
				7DEF755C1FC62F8400E8298D /* CustomTextField.swift */,
				7D6940771FC5F32700232B84 /* KeychainItemAccessibility.swift */,
				7D6940781FC5F32700232B84 /* KeychainWrapper.swift */,
			);
			path = UTILS;
			sourceTree = "<group>";
		};
/* End PBXGroup section */

/* Begin PBXNativeTarget section */
		7D6940551FC5EF7C00232B84 /* RZ2 Project */ = {
			isa = PBXNativeTarget;
			buildConfigurationList = 7D69406B1FC5EF7C00232B84 /* Build configuration list for PBXNativeTarget "RZ2 Project" */;
			buildPhases = (
				7D6940521FC5EF7C00232B84 /* Sources */,
				7D6940531FC5EF7C00232B84 /* Frameworks */,
				7D6940541FC5EF7C00232B84 /* Resources */,
			);
			buildRules = (
			);
			dependencies = (
			);
			name = "RZ2 Project";
			productName = "RZ2 Project";
			productReference = 7D6940561FC5EF7C00232B84 /* RZ2 Project.app */;
			productType = "com.apple.product-type.application";
		};
/* End PBXNativeTarget section */

/* Begin PBXProject section */
		7D69404E1FC5EF7C00232B84 /* Project object */ = {
			isa = PBXProject;
			attributes = {
				LastSwiftUpdateCheck = 0900;
				LastUpgradeCheck = 0900;
				ORGANIZATIONNAME = Thiesen;
				TargetAttributes = {
					7D6940551FC5EF7C00232B84 = {
						CreatedOnToolsVersion = 9.0;
						ProvisioningStyle = Automatic;
					};
				};
			};
			buildConfigurationList = 7D6940511FC5EF7C00232B84 /* Build configuration list for PBXProject "RZ2 Project" */;
			compatibilityVersion = "Xcode 8.0";
			developmentRegion = en;
			hasScannedForEncodings = 0;
			knownRegions = (
				en,
				Base,
			);
			mainGroup = 7D69404D1FC5EF7C00232B84;
			productRefGroup = 7D6940571FC5EF7C00232B84 /* Products */;
			projectDirPath = "";
			projectRoot = "";
			targets = (
				7D6940551FC5EF7C00232B84 /* RZ2 Project */,
			);
		};
/* End PBXProject section */

/* Begin PBXResourcesBuildPhase section */
		7D6940541FC5EF7C00232B84 /* Resources */ = {
			isa = PBXResourcesBuildPhase;
			buildActionMask = 2147483647;
			files = (
				7D6940671FC5EF7C00232B84 /* LaunchScreen.storyboard in Resources */,
				7D6940641FC5EF7C00232B84 /* Assets.xcassets in Resources */,
				7D69405F1FC5EF7C00232B84 /* Main.storyboard in Resources */,
			);
			runOnlyForDeploymentPostprocessing = 0;
		};
/* End PBXResourcesBuildPhase section */

/* Begin PBXSourcesBuildPhase section */
		7D6940521FC5EF7C00232B84 /* Sources */ = {
			isa = PBXSourcesBuildPhase;
			buildActionMask = 2147483647;
			files = (
				7D69407A1FC5F33000232B84 /* KeychainWrapper.swift in Sources */,
				7D6940791FC5F32C00232B84 /* KeychainItemAccessibility.swift in Sources */,
				7D6940741FC5F1E600232B84 /* NetworkController.swift in Sources */,
				7D6940751FC5F1E600232B84 /* NetworkRequest.swift in Sources */,
				7D6940621FC5EF7C00232B84 /* RZ2_Project.xcdatamodeld in Sources */,
				7D69405C1FC5EF7C00232B84 /* ViewController.swift in Sources */,
				7DEF755D1FC62F8400E8298D /* CustomTextField.swift in Sources */,
				7D69405A1FC5EF7C00232B84 /* AppDelegate.swift in Sources */,
				7D6940731FC5F13400232B84 /* LoginRequest.swift in Sources */,
				7D69407C1FC5F75C00232B84 /* RetrieveUnitsRequest.swift in Sources */,
			);
			runOnlyForDeploymentPostprocessing = 0;
		};
/* End PBXSourcesBuildPhase section */

/* Begin PBXVariantGroup section */
		7D69405D1FC5EF7C00232B84 /* Main.storyboard */ = {
			isa = PBXVariantGroup;
			children = (
				7D69405E1FC5EF7C00232B84 /* Base */,
			);
			name = Main.storyboard;
			sourceTree = "<group>";
		};
		7D6940651FC5EF7C00232B84 /* LaunchScreen.storyboard */ = {
			isa = PBXVariantGroup;
			children = (
				7D6940661FC5EF7C00232B84 /* Base */,
			);
			name = LaunchScreen.storyboard;
			sourceTree = "<group>";
		};
/* End PBXVariantGroup section */

/* Begin XCBuildConfiguration section */
		7D6940691FC5EF7C00232B84 /* Debug */ = {
			isa = XCBuildConfiguration;
			buildSettings = {
				ALWAYS_SEARCH_USER_PATHS = NO;
				CLANG_ANALYZER_NONNULL = YES;
				CLANG_ANALYZER_NUMBER_OBJECT_CONVERSION = YES_AGGRESSIVE;
				CLANG_CXX_LANGUAGE_STANDARD = "gnu++14";
				CLANG_CXX_LIBRARY = "libc++";
				CLANG_ENABLE_MODULES = YES;
				CLANG_ENABLE_OBJC_ARC = YES;
				CLANG_WARN_BLOCK_CAPTURE_AUTORELEASING = YES;
				CLANG_WARN_BOOL_CONVERSION = YES;
				CLANG_WARN_COMMA = YES;
				CLANG_WARN_CONSTANT_CONVERSION = YES;
				CLANG_WARN_DIRECT_OBJC_ISA_USAGE = YES_ERROR;
				CLANG_WARN_DOCUMENTATION_COMMENTS = YES;
				CLANG_WARN_EMPTY_BODY = YES;
				CLANG_WARN_ENUM_CONVERSION = YES;
				CLANG_WARN_INFINITE_RECURSION = YES;
				CLANG_WARN_INT_CONVERSION = YES;
				CLANG_WARN_NON_LITERAL_NULL_CONVERSION = YES;
				CLANG_WARN_OBJC_LITERAL_CONVERSION = YES;
				CLANG_WARN_OBJC_ROOT_CLASS = YES_ERROR;
				CLANG_WARN_RANGE_LOOP_ANALYSIS = YES;
				CLANG_WARN_STRICT_PROTOTYPES = YES;
				CLANG_WARN_SUSPICIOUS_MOVE = YES;
				CLANG_WARN_UNGUARDED_AVAILABILITY = YES_AGGRESSIVE;
				CLANG_WARN_UNREACHABLE_CODE = YES;
				CLANG_WARN__DUPLICATE_METHOD_MATCH = YES;
				CODE_SIGN_IDENTITY = "iPhone Developer";
				COPY_PHASE_STRIP = NO;
				DEBUG_INFORMATION_FORMAT = dwarf;
				ENABLE_STRICT_OBJC_MSGSEND = YES;
				ENABLE_TESTABILITY = YES;
				GCC_C_LANGUAGE_STANDARD = gnu11;
				GCC_DYNAMIC_NO_PIC = NO;
				GCC_NO_COMMON_BLOCKS = YES;
				GCC_OPTIMIZATION_LEVEL = 0;
				GCC_PREPROCESSOR_DEFINITIONS = (
					"DEBUG=1",
					"$(inherited)",
				);
				GCC_WARN_64_TO_32_BIT_CONVERSION = YES;
				GCC_WARN_ABOUT_RETURN_TYPE = YES_ERROR;
				GCC_WARN_UNDECLARED_SELECTOR = YES;
				GCC_WARN_UNINITIALIZED_AUTOS = YES_AGGRESSIVE;
				GCC_WARN_UNUSED_FUNCTION = YES;
				GCC_WARN_UNUSED_VARIABLE = YES;
				IPHONEOS_DEPLOYMENT_TARGET = 11.0;
				MTL_ENABLE_DEBUG_INFO = YES;
				ONLY_ACTIVE_ARCH = YES;
				SDKROOT = iphoneos;
				SWIFT_ACTIVE_COMPILATION_CONDITIONS = DEBUG;
				SWIFT_OPTIMIZATION_LEVEL = "-Onone";
			};
			name = Debug;
		};
		7D69406A1FC5EF7C00232B84 /* Release */ = {
			isa = XCBuildConfiguration;
			buildSettings = {
				ALWAYS_SEARCH_USER_PATHS = NO;
				CLANG_ANALYZER_NONNULL = YES;
				CLANG_ANALYZER_NUMBER_OBJECT_CONVERSION = YES_AGGRESSIVE;
				CLANG_CXX_LANGUAGE_STANDARD = "gnu++14";
				CLANG_CXX_LIBRARY = "libc++";
				CLANG_ENABLE_MODULES = YES;
				CLANG_ENABLE_OBJC_ARC = YES;
				CLANG_WARN_BLOCK_CAPTURE_AUTORELEASING = YES;
				CLANG_WARN_BOOL_CONVERSION = YES;
				CLANG_WARN_COMMA = YES;
				CLANG_WARN_CONSTANT_CONVERSION = YES;
				CLANG_WARN_DIRECT_OBJC_ISA_USAGE = YES_ERROR;
				CLANG_WARN_DOCUMENTATION_COMMENTS = YES;
				CLANG_WARN_EMPTY_BODY = YES;
				CLANG_WARN_ENUM_CONVERSION = YES;
				CLANG_WARN_INFINITE_RECURSION = YES;
				CLANG_WARN_INT_CONVERSION = YES;
				CLANG_WARN_NON_LITERAL_NULL_CONVERSION = YES;
				CLANG_WARN_OBJC_LITERAL_CONVERSION = YES;
				CLANG_WARN_OBJC_ROOT_CLASS = YES_ERROR;
				CLANG_WARN_RANGE_LOOP_ANALYSIS = YES;
				CLANG_WARN_STRICT_PROTOTYPES = YES;
				CLANG_WARN_SUSPICIOUS_MOVE = YES;
				CLANG_WARN_UNGUARDED_AVAILABILITY = YES_AGGRESSIVE;
				CLANG_WARN_UNREACHABLE_CODE = YES;
				CLANG_WARN__DUPLICATE_METHOD_MATCH = YES;
				CODE_SIGN_IDENTITY = "iPhone Developer";
				COPY_PHASE_STRIP = NO;
				DEBUG_INFORMATION_FORMAT = "dwarf-with-dsym";
				ENABLE_NS_ASSERTIONS = NO;
				ENABLE_STRICT_OBJC_MSGSEND = YES;
				GCC_C_LANGUAGE_STANDARD = gnu11;
				GCC_NO_COMMON_BLOCKS = YES;
				GCC_WARN_64_TO_32_BIT_CONVERSION = YES;
				GCC_WARN_ABOUT_RETURN_TYPE = YES_ERROR;
				GCC_WARN_UNDECLARED_SELECTOR = YES;
				GCC_WARN_UNINITIALIZED_AUTOS = YES_AGGRESSIVE;
				GCC_WARN_UNUSED_FUNCTION = YES;
				GCC_WARN_UNUSED_VARIABLE = YES;
				IPHONEOS_DEPLOYMENT_TARGET = 11.0;
				MTL_ENABLE_DEBUG_INFO = NO;
				SDKROOT = iphoneos;
				SWIFT_OPTIMIZATION_LEVEL = "-Owholemodule";
				VALIDATE_PRODUCT = YES;
			};
			name = Release;
		};
		7D69406C1FC5EF7C00232B84 /* Debug */ = {
			isa = XCBuildConfiguration;
			buildSettings = {
				ASSETCATALOG_COMPILER_APPICON_NAME = AppIcon;
				CODE_SIGN_STYLE = Automatic;
				DEVELOPMENT_TEAM = BV2VZRHZBG;
				INFOPLIST_FILE = "RZ2 Project/Info.plist";
				LD_RUNPATH_SEARCH_PATHS = "$(inherited) @executable_path/Frameworks";
				PRODUCT_BUNDLE_IDENTIFIER = "com.thiesen.RZ2-Project";
				PRODUCT_NAME = "$(TARGET_NAME)";
				SWIFT_VERSION = 4.0;
				TARGETED_DEVICE_FAMILY = "1,2";
			};
			name = Debug;
		};
		7D69406D1FC5EF7C00232B84 /* Release */ = {
			isa = XCBuildConfiguration;
			buildSettings = {
				ASSETCATALOG_COMPILER_APPICON_NAME = AppIcon;
				CODE_SIGN_STYLE = Automatic;
				DEVELOPMENT_TEAM = BV2VZRHZBG;
				INFOPLIST_FILE = "RZ2 Project/Info.plist";
				LD_RUNPATH_SEARCH_PATHS = "$(inherited) @executable_path/Frameworks";
				PRODUCT_BUNDLE_IDENTIFIER = "com.thiesen.RZ2-Project";
				PRODUCT_NAME = "$(TARGET_NAME)";
				SWIFT_VERSION = 4.0;
				TARGETED_DEVICE_FAMILY = "1,2";
			};
			name = Release;
		};
/* End XCBuildConfiguration section */

/* Begin XCConfigurationList section */
		7D6940511FC5EF7C00232B84 /* Build configuration list for PBXProject "RZ2 Project" */ = {
			isa = XCConfigurationList;
			buildConfigurations = (
				7D6940691FC5EF7C00232B84 /* Debug */,
				7D69406A1FC5EF7C00232B84 /* Release */,
			);
			defaultConfigurationIsVisible = 0;
			defaultConfigurationName = Release;
		};
		7D69406B1FC5EF7C00232B84 /* Build configuration list for PBXNativeTarget "RZ2 Project" */ = {
			isa = XCConfigurationList;
			buildConfigurations = (
				7D69406C1FC5EF7C00232B84 /* Debug */,
				7D69406D1FC5EF7C00232B84 /* Release */,
			);
			defaultConfigurationIsVisible = 0;
			defaultConfigurationName = Release;
		};
/* End XCConfigurationList section */

/* Begin XCVersionGroup section */
		7D6940601FC5EF7C00232B84 /* RZ2_Project.xcdatamodeld */ = {
			isa = XCVersionGroup;
			children = (
				7D6940611FC5EF7C00232B84 /* RZ2_Project.xcdatamodel */,
			);
			currentVersion = 7D6940611FC5EF7C00232B84 /* RZ2_Project.xcdatamodel */;
			path = RZ2_Project.xcdatamodeld;
			sourceTree = "<group>";
			versionGroupType = wrapper.xcdatamodel;
		};
/* End XCVersionGroup section */
	};
	rootObject = 7D69404E1FC5EF7C00232B84 /* Project object */;
}
